
Microsoft Visual Studio Solution File, Format Version 12.00
# Visual Studio 15
VisualStudioVersion = 15.0.28010.2050
MinimumVisualStudioVersion = 10.0.40219.1
Project("{FAE04EC0-301F-11D3-BF4B-00C04F79EFBC}") = "TcpChat.Android", "TcpChat\TcpChat.Android\TcpChat.Android.csproj", "{E338E1EA-1EA6-4C18-A0B6-110E2AD6B8A5}"
EndProject
Project("{FAE04EC0-301F-11D3-BF4B-00C04F79EFBC}") = "TcpChat.iOS", "TcpChat\TcpChat.iOS\TcpChat.iOS.csproj", "{E8AE9153-8D3D-4CA3-8ED8-E3F0B1CE8C82}"
EndProject
Project("{9A19103F-16F7-4668-BE54-9A1E7A4F7556}") = "TcpChat", "TcpChat\TcpChat\TcpChat.csproj", "{4FA266BC-B3C1-4E07-AE23-FD8C82AEF123}"
EndProject
Project("{FAE04EC0-301F-11D3-BF4B-00C04F79EFBC}") = "TcpServer", "TcpServer\TcpServer.csproj", "{4C13D3EF-E094-47F4-B8FE-76D6DF9F200B}"
EndProject
Project("{FAE04EC0-301F-11D3-BF4B-00C04F79EFBC}") = "ConsoleTcpClient", "ConsoleTcpClient\ConsoleTcpClient.csproj", "{F2A26523-C123-4C27-A950-A37E36970EBC}"
EndProject
Project("{FAE04EC0-301F-11D3-BF4B-00C04F79EFBC}") = "NotificationTest", "NotificationTest\NotificationTest.csproj", "{101E3060-8799-4119-8A7A-4F86A01C0C84}"
EndProject
Global
	GlobalSection(SolutionConfigurationPlatforms) = preSolution
		Ad-Hoc|Any CPU = Ad-Hoc|Any CPU
		Ad-Hoc|iPhone = Ad-Hoc|iPhone
		Ad-Hoc|iPhoneSimulator = Ad-Hoc|iPhoneSimulator
		AppStore|Any CPU = AppStore|Any CPU
		AppStore|iPhone = AppStore|iPhone
		AppStore|iPhoneSimulator = AppStore|iPhoneSimulator
		Debug|Any CPU = Debug|Any CPU
		Debug|iPhone = Debug|iPhone
		Debug|iPhoneSimulator = Debug|iPhoneSimulator
		Release|Any CPU = Release|Any CPU
		Release|iPhone = Release|iPhone
		Release|iPhoneSimulator = Release|iPhoneSimulator
	EndGlobalSection
	GlobalSection(ProjectConfigurationPlatforms) = postSolution
		{E338E1EA-1EA6-4C18-A0B6-110E2AD6B8A5}.Ad-Hoc|Any CPU.ActiveCfg = Release|Any CPU
		{E338E1EA-1EA6-4C18-A0B6-110E2AD6B8A5}.Ad-Hoc|Any CPU.Build.0 = Release|Any CPU
		{E338E1EA-1EA6-4C18-A0B6-110E2AD6B8A5}.Ad-Hoc|Any CPU.Deploy.0 = Release|Any CPU
		{E338E1EA-1EA6-4C18-A0B6-110E2AD6B8A5}.Ad-Hoc|iPhone.ActiveCfg = Release|Any CPU
		{E338E1EA-1EA6-4C18-A0B6-110E2AD6B8A5}.Ad-Hoc|iPhone.Build.0 = Release|Any CPU
		{E338E1EA-1EA6-4C18-A0B6-110E2AD6B8A5}.Ad-Hoc|iPhone.Deploy.0 = Release|Any CPU
		{E338E1EA-1EA6-4C18-A0B6-110E2AD6B8A5}.Ad-Hoc|iPhoneSimulator.ActiveCfg = Release|Any CPU
		{E338E1EA-1EA6-4C18-A0B6-110E2AD6B8A5}.Ad-Hoc|iPhoneSimulator.Build.0 = Release|Any CPU
		{E338E1EA-1EA6-4C18-A0B6-110E2AD6B8A5}.Ad-Hoc|iPhoneSimulator.Deploy.0 = Release|Any CPU
		{E338E1EA-1EA6-4C18-A0B6-110E2AD6B8A5}.AppStore|Any CPU.ActiveCfg = Release|Any CPU
		{E338E1EA-1EA6-4C18-A0B6-110E2AD6B8A5}.AppStore|Any CPU.Build.0 = Release|Any CPU
		{E338E1EA-1EA6-4C18-A0B6-110E2AD6B8A5}.AppStore|Any CPU.Deploy.0 = Release|Any CPU
		{E338E1EA-1EA6-4C18-A0B6-110E2AD6B8A5}.AppStore|iPhone.ActiveCfg = Release|Any CPU
		{E338E1EA-1EA6-4C18-A0B6-110E2AD6B8A5}.AppStore|iPhone.Build.0 = Release|Any CPU
		{E338E1EA-1EA6-4C18-A0B6-110E2AD6B8A5}.AppStore|iPhone.Deploy.0 = Release|Any CPU
		{E338E1EA-1EA6-4C18-A0B6-110E2AD6B8A5}.AppStore|iPhoneSimulator.ActiveCfg = Release|Any CPU
		{E338E1EA-1EA6-4C18-A0B6-110E2AD6B8A5}.AppStore|iPhoneSimulator.Build.0 = Release|Any CPU
		{E338E1EA-1EA6-4C18-A0B6-110E2AD6B8A5}.AppStore|iPhoneSimulator.Deploy.0 = Release|Any CPU
		{E338E1EA-1EA6-4C18-A0B6-110E2AD6B8A5}.Debug|Any CPU.ActiveCfg = Debug|Any CPU
		{E338E1EA-1EA6-4C18-A0B6-110E2AD6B8A5}.Debug|Any CPU.Build.0 = Debug|Any CPU
		{E338E1EA-1EA6-4C18-A0B6-110E2AD6B8A5}.Debug|Any CPU.Deploy.0 = Debug|Any CPU
		{E338E1EA-1EA6-4C18-A0B6-110E2AD6B8A5}.Debug|iPhone.ActiveCfg = Debug|Any CPU
		{E338E1EA-1EA6-4C18-A0B6-110E2AD6B8A5}.Debug|iPhone.Build.0 = Debug|Any CPU
		{E338E1EA-1EA6-4C18-A0B6-110E2AD6B8A5}.Debug|iPhone.Deploy.0 = Debug|Any CPU
		{E338E1EA-1EA6-4C18-A0B6-110E2AD6B8A5}.Debug|iPhoneSimulator.ActiveCfg = Debug|Any CPU
		{E338E1EA-1EA6-4C18-A0B6-110E2AD6B8A5}.Debug|iPhoneSimulator.Build.0 = Debug|Any CPU
		{E338E1EA-1EA6-4C18-A0B6-110E2AD6B8A5}.Debug|iPhoneSimulator.Deploy.0 = Debug|Any CPU
		{E338E1EA-1EA6-4C18-A0B6-110E2AD6B8A5}.Release|Any CPU.ActiveCfg = Release|Any CPU
		{E338E1EA-1EA6-4C18-A0B6-110E2AD6B8A5}.Release|Any CPU.Build.0 = Release|Any CPU
		{E338E1EA-1EA6-4C18-A0B6-110E2AD6B8A5}.Release|Any CPU.Deploy.0 = Release|Any CPU
		{E338E1EA-1EA6-4C18-A0B6-110E2AD6B8A5}.Release|iPhone.ActiveCfg = Release|Any CPU
		{E338E1EA-1EA6-4C18-A0B6-110E2AD6B8A5}.Release|iPhone.Build.0 = Release|Any CPU
		{E338E1EA-1EA6-4C18-A0B6-110E2AD6B8A5}.Release|iPhone.Deploy.0 = Release|Any CPU
		{E338E1EA-1EA6-4C18-A0B6-110E2AD6B8A5}.Release|iPhoneSimulator.ActiveCfg = Release|Any CPU
		{E338E1EA-1EA6-4C18-A0B6-110E2AD6B8A5}.Release|iPhoneSimulator.Build.0 = Release|Any CPU
		{E338E1EA-1EA6-4C18-A0B6-110E2AD6B8A5}.Release|iPhoneSimulator.Deploy.0 = Release|Any CPU
		{E8AE9153-8D3D-4CA3-8ED8-E3F0B1CE8C82}.Ad-Hoc|Any CPU.ActiveCfg = Ad-Hoc|iPhone
		{E8AE9153-8D3D-4CA3-8ED8-E3F0B1CE8C82}.Ad-Hoc|Any CPU.Build.0 = Ad-Hoc|iPhone
		{E8AE9153-8D3D-4CA3-8ED8-E3F0B1CE8C82}.Ad-Hoc|Any CPU.Deploy.0 = Ad-Hoc|iPhone
		{E8AE9153-8D3D-4CA3-8ED8-E3F0B1CE8C82}.Ad-Hoc|iPhone.ActiveCfg = Ad-Hoc|iPhone
		{E8AE9153-8D3D-4CA3-8ED8-E3F0B1CE8C82}.Ad-Hoc|iPhone.Build.0 = Ad-Hoc|iPhone
		{E8AE9153-8D3D-4CA3-8ED8-E3F0B1CE8C82}.Ad-Hoc|iPhone.Deploy.0 = Ad-Hoc|iPhone
		{E8AE9153-8D3D-4CA3-8ED8-E3F0B1CE8C82}.Ad-Hoc|iPhoneSimulator.ActiveCfg = Ad-Hoc|iPhoneSimulator
		{E8AE9153-8D3D-4CA3-8ED8-E3F0B1CE8C82}.Ad-Hoc|iPhoneSimulator.Build.0 = Ad-Hoc|iPhoneSimulator
		{E8AE9153-8D3D-4CA3-8ED8-E3F0B1CE8C82}.Ad-Hoc|iPhoneSimulator.Deploy.0 = Ad-Hoc|iPhoneSimulator
		{E8AE9153-8D3D-4CA3-8ED8-E3F0B1CE8C82}.AppStore|Any CPU.ActiveCfg = AppStore|iPhone
		{E8AE9153-8D3D-4CA3-8ED8-E3F0B1CE8C82}.AppStore|Any CPU.Build.0 = AppStore|iPhone
		{E8AE9153-8D3D-4CA3-8ED8-E3F0B1CE8C82}.AppStore|Any CPU.Deploy.0 = AppStore|iPhone
		{E8AE9153-8D3D-4CA3-8ED8-E3F0B1CE8C82}.AppStore|iPhone.ActiveCfg = AppStore|iPhone
		{E8AE9153-8D3D-4CA3-8ED8-E3F0B1CE8C82}.AppStore|iPhone.Build.0 = AppStore|iPhone
		{E8AE9153-8D3D-4CA3-8ED8-E3F0B1CE8C82}.AppStore|iPhone.Deploy.0 = AppStore|iPhone
		{E8AE9153-8D3D-4CA3-8ED8-E3F0B1CE8C82}.AppStore|iPhoneSimulator.ActiveCfg = AppStore|iPhoneSimulator
		{E8AE9153-8D3D-4CA3-8ED8-E3F0B1CE8C82}.AppStore|iPhoneSimulator.Build.0 = AppStore|iPhoneSimulator
		{E8AE9153-8D3D-4CA3-8ED8-E3F0B1CE8C82}.AppStore|iPhoneSimulator.Deploy.0 = AppStore|iPhoneSimulator
		{E8AE9153-8D3D-4CA3-8ED8-E3F0B1CE8C82}.Debug|Any CPU.ActiveCfg = Debug|iPhoneSimulator
		{E8AE9153-8D3D-4CA3-8ED8-E3F0B1CE8C82}.Debug|Any CPU.Build.0 = Debug|iPhoneSimulator
		{E8AE9153-8D3D-4CA3-8ED8-E3F0B1CE8C82}.Debug|Any CPU.Deploy.0 = Debug|iPhoneSimulator
		{E8AE9153-8D3D-4CA3-8ED8-E3F0B1CE8C82}.Debug|iPhone.ActiveCfg = Debug|iPhone
		{E8AE9153-8D3D-4CA3-8ED8-E3F0B1CE8C82}.Debug|iPhone.Build.0 = Debug|iPhone
		{E8AE9153-8D3D-4CA3-8ED8-E3F0B1CE8C82}.Debug|iPhone.Deploy.0 = Debug|iPhone
		{E8AE9153-8D3D-4CA3-8ED8-E3F0B1CE8C82}.Debug|iPhoneSimulator.ActiveCfg = Debug|iPhoneSimulator
		{E8AE9153-8D3D-4CA3-8ED8-E3F0B1CE8C82}.Debug|iPhoneSimulator.Build.0 = Debug|iPhoneSimulator
		{E8AE9153-8D3D-4CA3-8ED8-E3F0B1CE8C82}.Debug|iPhoneSimulator.Deploy.0 = Debug|iPhoneSimulator
		{E8AE9153-8D3D-4CA3-8ED8-E3F0B1CE8C82}.Release|Any CPU.ActiveCfg = Release|iPhone
		{E8AE9153-8D3D-4CA3-8ED8-E3F0B1CE8C82}.Release|Any CPU.Build.0 = Release|iPhone
		{E8AE9153-8D3D-4CA3-8ED8-E3F0B1CE8C82}.Release|Any CPU.Deploy.0 = Release|iPhone
		{E8AE9153-8D3D-4CA3-8ED8-E3F0B1CE8C82}.Release|iPhone.ActiveCfg = Release|iPhone
		{E8AE9153-8D3D-4CA3-8ED8-E3F0B1CE8C82}.Release|iPhone.Build.0 = Release|iPhone
		{E8AE9153-8D3D-4CA3-8ED8-E3F0B1CE8C82}.Release|iPhone.Deploy.0 = Release|iPhone
		{E8AE9153-8D3D-4CA3-8ED8-E3F0B1CE8C82}.Release|iPhoneSimulator.ActiveCfg = Release|iPhoneSimulator
		{E8AE9153-8D3D-4CA3-8ED8-E3F0B1CE8C82}.Release|iPhoneSimulator.Build.0 = Release|iPhoneSimulator
		{E8AE9153-8D3D-4CA3-8ED8-E3F0B1CE8C82}.Release|iPhoneSimulator.Deploy.0 = Release|iPhoneSimulator
		{4FA266BC-B3C1-4E07-AE23-FD8C82AEF123}.Ad-Hoc|Any CPU.ActiveCfg = Debug|Any CPU
		{4FA266BC-B3C1-4E07-AE23-FD8C82AEF123}.Ad-Hoc|Any CPU.Build.0 = Debug|Any CPU
		{4FA266BC-B3C1-4E07-AE23-FD8C82AEF123}.Ad-Hoc|Any CPU.Deploy.0 = Debug|Any CPU
		{4FA266BC-B3C1-4E07-AE23-FD8C82AEF123}.Ad-Hoc|iPhone.ActiveCfg = Debug|Any CPU
		{4FA266BC-B3C1-4E07-AE23-FD8C82AEF123}.Ad-Hoc|iPhone.Build.0 = Debug|Any CPU
		{4FA266BC-B3C1-4E07-AE23-FD8C82AEF123}.Ad-Hoc|iPhone.Deploy.0 = Debug|Any CPU
		{4FA266BC-B3C1-4E07-AE23-FD8C82AEF123}.Ad-Hoc|iPhoneSimulator.ActiveCfg = Debug|Any CPU
		{4FA266BC-B3C1-4E07-AE23-FD8C82AEF123}.Ad-Hoc|iPhoneSimulator.Build.0 = Debug|Any CPU
		{4FA266BC-B3C1-4E07-AE23-FD8C82AEF123}.Ad-Hoc|iPhoneSimulator.Deploy.0 = Debug|Any CPU
		{4FA266BC-B3C1-4E07-AE23-FD8C82AEF123}.AppStore|Any CPU.ActiveCfg = Debug|Any CPU
		{4FA266BC-B3C1-4E07-AE23-FD8C82AEF123}.AppStore|Any CPU.Build.0 = Debug|Any CPU
		{4FA266BC-B3C1-4E07-AE23-FD8C82AEF123}.AppStore|Any CPU.Deploy.0 = Debug|Any CPU
		{4FA266BC-B3C1-4E07-AE23-FD8C82AEF123}.AppStore|iPhone.ActiveCfg = Debug|Any CPU
		{4FA266BC-B3C1-4E07-AE23-FD8C82AEF123}.AppStore|iPhone.Build.0 = Debug|Any CPU
		{4FA266BC-B3C1-4E07-AE23-FD8C82AEF123}.AppStore|iPhone.Deploy.0 = Debug|Any CPU
		{4FA266BC-B3C1-4E07-AE23-FD8C82AEF123}.AppStore|iPhoneSimulator.ActiveCfg = Debug|Any CPU
		{4FA266BC-B3C1-4E07-AE23-FD8C82AEF123}.AppStore|iPhoneSimulator.Build.0 = Debug|Any CPU
		{4FA266BC-B3C1-4E07-AE23-FD8C82AEF123}.AppStore|iPhoneSimulator.Deploy.0 = Debug|Any CPU
		{4FA266BC-B3C1-4E07-AE23-FD8C82AEF123}.Debug|Any CPU.ActiveCfg = Debug|Any CPU
		{4FA266BC-B3C1-4E07-AE23-FD8C82AEF123}.Debug|Any CPU.Build.0 = Debug|Any CPU
		{4FA266BC-B3C1-4E07-AE23-FD8C82AEF123}.Debug|Any CPU.Deploy.0 = Debug|Any CPU
		{4FA266BC-B3C1-4E07-AE23-FD8C82AEF123}.Debug|iPhone.ActiveCfg = Debug|Any CPU
		{4FA266BC-B3C1-4E07-AE23-FD8C82AEF123}.Debug|iPhone.Build.0 = Debug|Any CPU
		{4FA266BC-B3C1-4E07-AE23-FD8C82AEF123}.Debug|iPhone.Deploy.0 = Debug|Any CPU
		{4FA266BC-B3C1-4E07-AE23-FD8C82AEF123}.Debug|iPhoneSimulator.ActiveCfg = Debug|Any CPU
		{4FA266BC-B3C1-4E07-AE23-FD8C82AEF123}.Debug|iPhoneSimulator.Build.0 = Debug|Any CPU
		{4FA266BC-B3C1-4E07-AE23-FD8C82AEF123}.Debug|iPhoneSimulator.Deploy.0 = Debug|Any CPU
		{4FA266BC-B3C1-4E07-AE23-FD8C82AEF123}.Release|Any CPU.ActiveCfg = Release|Any CPU
		{4FA266BC-B3C1-4E07-AE23-FD8C82AEF123}.Release|Any CPU.Build.0 = Release|Any CPU
		{4FA266BC-B3C1-4E07-AE23-FD8C82AEF123}.Release|Any CPU.Deploy.0 = Release|Any CPU
		{4FA266BC-B3C1-4E07-AE23-FD8C82AEF123}.Release|iPhone.ActiveCfg = Release|Any CPU
		{4FA266BC-B3C1-4E07-AE23-FD8C82AEF123}.Release|iPhone.Build.0 = Release|Any CPU
		{4FA266BC-B3C1-4E07-AE23-FD8C82AEF123}.Release|iPhone.Deploy.0 = Release|Any CPU
		{4FA266BC-B3C1-4E07-AE23-FD8C82AEF123}.Release|iPhoneSimulator.ActiveCfg = Release|Any CPU
		{4FA266BC-B3C1-4E07-AE23-FD8C82AEF123}.Release|iPhoneSimulator.Build.0 = Release|Any CPU
		{4FA266BC-B3C1-4E07-AE23-FD8C82AEF123}.Release|iPhoneSimulator.Deploy.0 = Release|Any CPU
		{4C13D3EF-E094-47F4-B8FE-76D6DF9F200B}.Ad-Hoc|Any CPU.ActiveCfg = Release|Any CPU
		{4C13D3EF-E094-47F4-B8FE-76D6DF9F200B}.Ad-Hoc|Any CPU.Build.0 = Release|Any CPU
		{4C13D3EF-E094-47F4-B8FE-76D6DF9F200B}.Ad-Hoc|iPhone.ActiveCfg = Release|Any CPU
		{4C13D3EF-E094-47F4-B8FE-76D6DF9F200B}.Ad-Hoc|iPhone.Build.0 = Release|Any CPU
		{4C13D3EF-E094-47F4-B8FE-76D6DF9F200B}.Ad-Hoc|iPhoneSimulator.ActiveCfg = Release|Any CPU
		{4C13D3EF-E094-47F4-B8FE-76D6DF9F200B}.Ad-Hoc|iPhoneSimulator.Build.0 = Release|Any CPU
		{4C13D3EF-E094-47F4-B8FE-76D6DF9F200B}.AppStore|Any CPU.ActiveCfg = Release|Any CPU
		{4C13D3EF-E094-47F4-B8FE-76D6DF9F200B}.AppStore|Any CPU.Build.0 = Release|Any CPU
		{4C13D3EF-E094-47F4-B8FE-76D6DF9F200B}.AppStore|iPhone.ActiveCfg = Release|Any CPU
		{4C13D3EF-E094-47F4-B8FE-76D6DF9F200B}.AppStore|iPhone.Build.0 = Release|Any CPU
		{4C13D3EF-E094-47F4-B8FE-76D6DF9F200B}.AppStore|iPhoneSimulator.ActiveCfg = Release|Any CPU
		{4C13D3EF-E094-47F4-B8FE-76D6DF9F200B}.AppStore|iPhoneSimulator.Build.0 = Release|Any CPU
		{4C13D3EF-E094-47F4-B8FE-76D6DF9F200B}.Debug|Any CPU.ActiveCfg = Debug|Any CPU
		{4C13D3EF-E094-47F4-B8FE-76D6DF9F200B}.Debug|Any CPU.Build.0 = Debug|Any CPU
		{4C13D3EF-E094-47F4-B8FE-76D6DF9F200B}.Debug|iPhone.ActiveCfg = Debug|Any CPU
		{4C13D3EF-E094-47F4-B8FE-76D6DF9F200B}.Debug|iPhone.Build.0 = Debug|Any CPU
		{4C13D3EF-E094-47F4-B8FE-76D6DF9F200B}.Debug|iPhoneSimulator.ActiveCfg = Debug|Any CPU
		{4C13D3EF-E094-47F4-B8FE-76D6DF9F200B}.Debug|iPhoneSimulator.Build.0 = Debug|Any CPU
		{4C13D3EF-E094-47F4-B8FE-76D6DF9F200B}.Release|Any CPU.ActiveCfg = Release|Any CPU
		{4C13D3EF-E094-47F4-B8FE-76D6DF9F200B}.Release|Any CPU.Build.0 = Release|Any CPU
		{4C13D3EF-E094-47F4-B8FE-76D6DF9F200B}.Release|iPhone.ActiveCfg = Release|Any CPU
		{4C13D3EF-E094-47F4-B8FE-76D6DF9F200B}.Release|iPhone.Build.0 = Release|Any CPU
		{4C13D3EF-E094-47F4-B8FE-76D6DF9F200B}.Release|iPhoneSimulator.ActiveCfg = Release|Any CPU
		{4C13D3EF-E094-47F4-B8FE-76D6DF9F200B}.Release|iPhoneSimulator.Build.0 = Release|Any CPU
		{F2A26523-C123-4C27-A950-A37E36970EBC}.Ad-Hoc|Any CPU.ActiveCfg = Release|Any CPU
		{F2A26523-C123-4C27-A950-A37E36970EBC}.Ad-Hoc|Any CPU.Build.0 = Release|Any CPU
		{F2A26523-C123-4C27-A950-A37E36970EBC}.Ad-Hoc|iPhone.ActiveCfg = Release|Any CPU
		{F2A26523-C123-4C27-A950-A37E36970EBC}.Ad-Hoc|iPhone.Build.0 = Release|Any CPU
		{F2A26523-C123-4C27-A950-A37E36970EBC}.Ad-Hoc|iPhoneSimulator.ActiveCfg = Release|Any CPU
		{F2A26523-C123-4C27-A950-A37E36970EBC}.Ad-Hoc|iPhoneSimulator.Build.0 = Release|Any CPU
		{F2A26523-C123-4C27-A950-A37E36970EBC}.AppStore|Any CPU.ActiveCfg = Release|Any CPU
		{F2A26523-C123-4C27-A950-A37E36970EBC}.AppStore|Any CPU.Build.0 = Release|Any CPU
		{F2A26523-C123-4C27-A950-A37E36970EBC}.AppStore|iPhone.ActiveCfg = Release|Any CPU
		{F2A26523-C123-4C27-A950-A37E36970EBC}.AppStore|iPhone.Build.0 = Release|Any CPU
		{F2A26523-C123-4C27-A950-A37E36970EBC}.AppStore|iPhoneSimulator.ActiveCfg = Release|Any CPU
		{F2A26523-C123-4C27-A950-A37E36970EBC}.AppStore|iPhoneSimulator.Build.0 = Release|Any CPU
		{F2A26523-C123-4C27-A950-A37E36970EBC}.Debug|Any CPU.ActiveCfg = Debug|Any CPU
		{F2A26523-C123-4C27-A950-A37E36970EBC}.Debug|Any CPU.Build.0 = Debug|Any CPU
		{F2A26523-C123-4C27-A950-A37E36970EBC}.Debug|iPhone.ActiveCfg = Debug|Any CPU
		{F2A26523-C123-4C27-A950-A37E36970EBC}.Debug|iPhone.Build.0 = Debug|Any CPU
		{F2A26523-C123-4C27-A950-A37E36970EBC}.Debug|iPhoneSimulator.ActiveCfg = Debug|Any CPU
		{F2A26523-C123-4C27-A950-A37E36970EBC}.Debug|iPhoneSimulator.Build.0 = Debug|Any CPU
		{F2A26523-C123-4C27-A950-A37E36970EBC}.Release|Any CPU.ActiveCfg = Release|Any CPU
		{F2A26523-C123-4C27-A950-A37E36970EBC}.Release|Any CPU.Build.0 = Release|Any CPU
		{F2A26523-C123-4C27-A950-A37E36970EBC}.Release|iPhone.ActiveCfg = Release|Any CPU
		{F2A26523-C123-4C27-A950-A37E36970EBC}.Release|iPhone.Build.0 = Release|Any CPU
		{F2A26523-C123-4C27-A950-A37E36970EBC}.Release|iPhoneSimulator.ActiveCfg = Release|Any CPU
		{F2A26523-C123-4C27-A950-A37E36970EBC}.Release|iPhoneSimulator.Build.0 = Release|Any CPU
		{101E3060-8799-4119-8A7A-4F86A01C0C84}.Ad-Hoc|Any CPU.ActiveCfg = Release|iPhone
		{101E3060-8799-4119-8A7A-4F86A01C0C84}.Ad-Hoc|Any CPU.Build.0 = Release|iPhone
		{101E3060-8799-4119-8A7A-4F86A01C0C84}.Ad-Hoc|iPhone.ActiveCfg = Release|iPhone
		{101E3060-8799-4119-8A7A-4F86A01C0C84}.Ad-Hoc|iPhone.Build.0 = Release|iPhone
		{101E3060-8799-4119-8A7A-4F86A01C0C84}.Ad-Hoc|iPhoneSimulator.ActiveCfg = Release|iPhoneSimulator
		{101E3060-8799-4119-8A7A-4F86A01C0C84}.Ad-Hoc|iPhoneSimulator.Build.0 = Release|iPhoneSimulator
		{101E3060-8799-4119-8A7A-4F86A01C0C84}.AppStore|Any CPU.ActiveCfg = Release|iPhone
		{101E3060-8799-4119-8A7A-4F86A01C0C84}.AppStore|Any CPU.Build.0 = Release|iPhone
		{101E3060-8799-4119-8A7A-4F86A01C0C84}.AppStore|iPhone.ActiveCfg = Release|iPhone
		{101E3060-8799-4119-8A7A-4F86A01C0C84}.AppStore|iPhone.Build.0 = Release|iPhone
		{101E3060-8799-4119-8A7A-4F86A01C0C84}.AppStore|iPhoneSimulator.ActiveCfg = Release|iPhoneSimulator
		{101E3060-8799-4119-8A7A-4F86A01C0C84}.AppStore|iPhoneSimulator.Build.0 = Release|iPhoneSimulator
		{101E3060-8799-4119-8A7A-4F86A01C0C84}.Debug|Any CPU.ActiveCfg = Debug|iPhone
		{101E3060-8799-4119-8A7A-4F86A01C0C84}.Debug|iPhone.ActiveCfg = Debug|iPhone
		{101E3060-8799-4119-8A7A-4F86A01C0C84}.Debug|iPhone.Build.0 = Debug|iPhone
		{101E3060-8799-4119-8A7A-4F86A01C0C84}.Debug|iPhoneSimulator.ActiveCfg = Debug|iPhoneSimulator
		{101E3060-8799-4119-8A7A-4F86A01C0C84}.Debug|iPhoneSimulator.Build.0 = Debug|iPhoneSimulator
		{101E3060-8799-4119-8A7A-4F86A01C0C84}.Release|Any CPU.ActiveCfg = Release|iPhone
		{101E3060-8799-4119-8A7A-4F86A01C0C84}.Release|iPhone.ActiveCfg = Release|iPhone
		{101E3060-8799-4119-8A7A-4F86A01C0C84}.Release|iPhone.Build.0 = Release|iPhone
		{101E3060-8799-4119-8A7A-4F86A01C0C84}.Release|iPhoneSimulator.ActiveCfg = Release|iPhoneSimulator
		{101E3060-8799-4119-8A7A-4F86A01C0C84}.Release|iPhoneSimulator.Build.0 = Release|iPhoneSimulator
	EndGlobalSection
	GlobalSection(SolutionProperties) = preSolution
		HideSolutionNode = FALSE
	EndGlobalSection
	GlobalSection(ExtensibilityGlobals) = postSolution
		SolutionGuid = {4467B7AC-A276-4A2C-BF23-F77FDCBD15C4}
	EndGlobalSection
EndGlobal
